
Microsoft Visual Studio Solution File, Format Version 12.00
# Visual Studio Version 16
VisualStudioVersion = 16.0.31112.23
MinimumVisualStudioVersion = 10.0.40219.1
Project("{FAE04EC0-301F-11D3-BF4B-00C04F79EFBC}") = "ConsoleClient", "TCP\ConsoleClient.csproj", "{B472120B-E1C5-41DE-A5DB-D57BF1DC2CCC}"
EndProject
Project("{FAE04EC0-301F-11D3-BF4B-00C04F79EFBC}") = "ConsoleServer", "ConsoleServer\ConsoleServer.csproj", "{44E81C11-ABA4-480F-9BB6-57B3AD8111AB}"
EndProject
Global
	GlobalSection(SolutionConfigurationPlatforms) = preSolution
		Debug|Any CPU = Debug|Any CPU
		Release|Any CPU = Release|Any CPU
	EndGlobalSection
	GlobalSection(ProjectConfigurationPlatforms) = postSolution
		{B472120B-E1C5-41DE-A5DB-D57BF1DC2CCC}.Debug|Any CPU.ActiveCfg = Debug|Any CPU
		{B472120B-E1C5-41DE-A5DB-D57BF1DC2CCC}.Debug|Any CPU.Build.0 = Debug|Any CPU
		{B472120B-E1C5-41DE-A5DB-D57BF1DC2CCC}.Release|Any CPU.ActiveCfg = Release|Any CPU
		{B472120B-E1C5-41DE-A5DB-D57BF1DC2CCC}.Release|Any CPU.Build.0 = Release|Any CPU
		{44E81C11-ABA4-480F-9BB6-57B3AD8111AB}.Debug|Any CPU.ActiveCfg = Debug|Any CPU
		{44E81C11-ABA4-480F-9BB6-57B3AD8111AB}.Debug|Any CPU.Build.0 = Debug|Any CPU
		{44E81C11-ABA4-480F-9BB6-57B3AD8111AB}.Release|Any CPU.ActiveCfg = Release|Any CPU
		{44E81C11-ABA4-480F-9BB6-57B3AD8111AB}.Release|Any CPU.Build.0 = Release|Any CPU
	EndGlobalSection
	GlobalSection(SolutionProperties) = preSolution
		HideSolutionNode = FALSE
	EndGlobalSection
	GlobalSection(ExtensibilityGlobals) = postSolution
		SolutionGuid = {87DE3BDA-2A74-4B6E-AAA4-4A16500A0C5E}
	EndGlobalSection
EndGlobal
