
Microsoft Visual Studio Solution File, Format Version 12.00
# Visual Studio Version 16
VisualStudioVersion = 16.0.31112.23
MinimumVisualStudioVersion = 10.0.40219.1
Project("{FAE04EC0-301F-11D3-BF4B-00C04F79EFBC}") = "ChatServer", "ChatServer\ChatServer.csproj", "{7B5218F7-6161-4681-8A17-5E8ADEB92B8B}"
EndProject
Project("{FAE04EC0-301F-11D3-BF4B-00C04F79EFBC}") = "ChatClient", "ChatClient\ChatClient.csproj", "{6C7FD469-15C4-4F6B-A83F-77F56FA3582B}"
EndProject
Global
	GlobalSection(SolutionConfigurationPlatforms) = preSolution
		Debug|Any CPU = Debug|Any CPU
		Release|Any CPU = Release|Any CPU
	EndGlobalSection
	GlobalSection(ProjectConfigurationPlatforms) = postSolution
		{7B5218F7-6161-4681-8A17-5E8ADEB92B8B}.Debug|Any CPU.ActiveCfg = Debug|Any CPU
		{7B5218F7-6161-4681-8A17-5E8ADEB92B8B}.Debug|Any CPU.Build.0 = Debug|Any CPU
		{7B5218F7-6161-4681-8A17-5E8ADEB92B8B}.Release|Any CPU.ActiveCfg = Release|Any CPU
		{7B5218F7-6161-4681-8A17-5E8ADEB92B8B}.Release|Any CPU.Build.0 = Release|Any CPU
		{6C7FD469-15C4-4F6B-A83F-77F56FA3582B}.Debug|Any CPU.ActiveCfg = Debug|Any CPU
		{6C7FD469-15C4-4F6B-A83F-77F56FA3582B}.Debug|Any CPU.Build.0 = Debug|Any CPU
		{6C7FD469-15C4-4F6B-A83F-77F56FA3582B}.Release|Any CPU.ActiveCfg = Release|Any CPU
		{6C7FD469-15C4-4F6B-A83F-77F56FA3582B}.Release|Any CPU.Build.0 = Release|Any CPU
	EndGlobalSection
	GlobalSection(SolutionProperties) = preSolution
		HideSolutionNode = FALSE
	EndGlobalSection
	GlobalSection(ExtensibilityGlobals) = postSolution
		SolutionGuid = {4E0B4945-8427-470C-BF81-CF392EA19964}
	EndGlobalSection
EndGlobal
